
Microsoft Visual Studio Solution File, Format Version 12.00
# Visual Studio 2013
VisualStudioVersion = 12.0.30501.0
MinimumVisualStudioVersion = 10.0.40219.1
Project("{FAE04EC0-301F-11D3-BF4B-00C04F79EFBC}") = "FD.Core.ObjConfig", "FD.Core.ObjConfig\FD.Core.ObjConfig.csproj", "{31854FBA-D8EB-4D25-A5AB-9184F0E80AAE}"
EndProject
Project("{FAE04EC0-301F-11D3-BF4B-00C04F79EFBC}") = "FD.Core.ObjDesign", "FD.Core.ObjDesign\FD.Core.ObjDesign.csproj", "{ED6DF7AE-0498-4C99-8D57-3DB92AAC04FE}"
EndProject
Project("{FAE04EC0-301F-11D3-BF4B-00C04F79EFBC}") = "FD.Core.ObjDesign.WPFControls", "FD.Core.ObjDesign.WPFControls\FD.Core.ObjDesign.WPFControls.csproj", "{6724EBEB-5AC8-48C5-938B-AE37D3378FD5}"
EndProject
Project("{FAE04EC0-301F-11D3-BF4B-00C04F79EFBC}") = "FD.Core.FW", "..\FD.Core.FW\FD.Core.FW.csproj", "{BA7FEEDF-C773-4017-B0E5-051455F4E98C}"
EndProject
Global
	GlobalSection(SolutionConfigurationPlatforms) = preSolution
		Debug|Any CPU = Debug|Any CPU
		Release|Any CPU = Release|Any CPU
	EndGlobalSection
	GlobalSection(ProjectConfigurationPlatforms) = postSolution
		{31854FBA-D8EB-4D25-A5AB-9184F0E80AAE}.Debug|Any CPU.ActiveCfg = Debug|Any CPU
		{31854FBA-D8EB-4D25-A5AB-9184F0E80AAE}.Debug|Any CPU.Build.0 = Debug|Any CPU
		{31854FBA-D8EB-4D25-A5AB-9184F0E80AAE}.Release|Any CPU.ActiveCfg = Release|Any CPU
		{31854FBA-D8EB-4D25-A5AB-9184F0E80AAE}.Release|Any CPU.Build.0 = Release|Any CPU
		{ED6DF7AE-0498-4C99-8D57-3DB92AAC04FE}.Debug|Any CPU.ActiveCfg = Debug|Any CPU
		{ED6DF7AE-0498-4C99-8D57-3DB92AAC04FE}.Debug|Any CPU.Build.0 = Debug|Any CPU
		{ED6DF7AE-0498-4C99-8D57-3DB92AAC04FE}.Release|Any CPU.ActiveCfg = Release|Any CPU
		{ED6DF7AE-0498-4C99-8D57-3DB92AAC04FE}.Release|Any CPU.Build.0 = Release|Any CPU
		{6724EBEB-5AC8-48C5-938B-AE37D3378FD5}.Debug|Any CPU.ActiveCfg = Debug|Any CPU
		{6724EBEB-5AC8-48C5-938B-AE37D3378FD5}.Debug|Any CPU.Build.0 = Debug|Any CPU
		{6724EBEB-5AC8-48C5-938B-AE37D3378FD5}.Release|Any CPU.ActiveCfg = Release|Any CPU
		{6724EBEB-5AC8-48C5-938B-AE37D3378FD5}.Release|Any CPU.Build.0 = Release|Any CPU
		{BA7FEEDF-C773-4017-B0E5-051455F4E98C}.Debug|Any CPU.ActiveCfg = Debug|Any CPU
		{BA7FEEDF-C773-4017-B0E5-051455F4E98C}.Debug|Any CPU.Build.0 = Debug|Any CPU
		{BA7FEEDF-C773-4017-B0E5-051455F4E98C}.Release|Any CPU.ActiveCfg = Release|Any CPU
		{BA7FEEDF-C773-4017-B0E5-051455F4E98C}.Release|Any CPU.Build.0 = Release|Any CPU
	EndGlobalSection
	GlobalSection(SolutionProperties) = preSolution
		HideSolutionNode = FALSE
	EndGlobalSection
EndGlobal
