
Microsoft Visual Studio Solution File, Format Version 12.00
# Visual Studio 2013
VisualStudioVersion = 12.0.30501.0
MinimumVisualStudioVersion = 10.0.40219.1
Project("{FAE04EC0-301F-11D3-BF4B-00C04F79EFBC}") = "FD.App", "FD.App\FD.App.csproj", "{4540E64D-767B-40A6-BAA5-08DBCC9AC759}"
EndProject
Project("{FAE04EC0-301F-11D3-BF4B-00C04F79EFBC}") = "FD.App.Web", "FD.App.Web\FD.App.Web.csproj", "{9AFB2BCF-E3F8-45E5-9735-DE7BE3587785}"
EndProject
Global
	GlobalSection(SourceCodeControl) = preSolution
		SccNumberOfProjects = 3
		SccLocalPath0 = .
		SccProjectUniqueName1 = FD.App\\FD.App.csproj
		SccLocalPath1 = .
		SccProjectFilePathRelativizedFromConnection1 = FD.App\\
		SccProjectUniqueName2 = FD.App.Web\\FD.App.Web.csproj
		SccLocalPath2 = .
		SccProjectFilePathRelativizedFromConnection2 = FD.App.Web\\
	EndGlobalSection
	GlobalSection(SolutionConfigurationPlatforms) = preSolution
		Debug|Any CPU = Debug|Any CPU
		Release|Any CPU = Release|Any CPU
	EndGlobalSection
	GlobalSection(ProjectConfigurationPlatforms) = postSolution
		{4540E64D-767B-40A6-BAA5-08DBCC9AC759}.Debug|Any CPU.ActiveCfg = Debug|Any CPU
		{4540E64D-767B-40A6-BAA5-08DBCC9AC759}.Debug|Any CPU.Build.0 = Debug|Any CPU
		{4540E64D-767B-40A6-BAA5-08DBCC9AC759}.Release|Any CPU.ActiveCfg = Release|Any CPU
		{4540E64D-767B-40A6-BAA5-08DBCC9AC759}.Release|Any CPU.Build.0 = Release|Any CPU
		{9AFB2BCF-E3F8-45E5-9735-DE7BE3587785}.Debug|Any CPU.ActiveCfg = Debug|Any CPU
		{9AFB2BCF-E3F8-45E5-9735-DE7BE3587785}.Debug|Any CPU.Build.0 = Debug|Any CPU
		{9AFB2BCF-E3F8-45E5-9735-DE7BE3587785}.Release|Any CPU.ActiveCfg = Release|Any CPU
		{9AFB2BCF-E3F8-45E5-9735-DE7BE3587785}.Release|Any CPU.Build.0 = Release|Any CPU
	EndGlobalSection
	GlobalSection(SolutionProperties) = preSolution
		HideSolutionNode = FALSE
	EndGlobalSection
EndGlobal
